
Microsoft Visual Studio Solution File, Format Version 12.00
# Visual Studio Version 16
VisualStudioVersion = 16.0.30225.117
MinimumVisualStudioVersion = 10.0.40219.1
Project("{FAE04EC0-301F-11D3-BF4B-00C04F79EFBC}") = "WPFFisrt", "WPFFisrt.csproj", "{540D784E-7767-47F7-ADB7-457D4429D35F}"
EndProject
Global
	GlobalSection(SolutionConfigurationPlatforms) = preSolution
		Debug|Any CPU = Debug|Any CPU
		Release|Any CPU = Release|Any CPU
	EndGlobalSection
	GlobalSection(ProjectConfigurationPlatforms) = postSolution
		{540D784E-7767-47F7-ADB7-457D4429D35F}.Debug|Any CPU.ActiveCfg = Debug|Any CPU
		{540D784E-7767-47F7-ADB7-457D4429D35F}.Debug|Any CPU.Build.0 = Debug|Any CPU
		{540D784E-7767-47F7-ADB7-457D4429D35F}.Release|Any CPU.ActiveCfg = Release|Any CPU
		{540D784E-7767-47F7-ADB7-457D4429D35F}.Release|Any CPU.Build.0 = Release|Any CPU
	EndGlobalSection
	GlobalSection(SolutionProperties) = preSolution
		HideSolutionNode = FALSE
	EndGlobalSection
	GlobalSection(ExtensibilityGlobals) = postSolution
		SolutionGuid = {EB26A4FE-2B55-468D-B5E0-9D70341DDD72}
	EndGlobalSection
EndGlobal
